
Microsoft Visual Studio Solution File, Format Version 12.00
# Visual Studio Version 17
VisualStudioVersion = 17.8.34322.80
MinimumVisualStudioVersion = 10.0.40219.1
Project("{FAE04EC0-301F-11D3-BF4B-00C04F79EFBC}") = "OnlineVoting.Web", "OnlineVoting.Web\OnlineVoting.Web.csproj", "{2613D235-669C-4135-9F8A-76A5A873F4C5}"
EndProject
Project("{FAE04EC0-301F-11D3-BF4B-00C04F79EFBC}") = "OnlineVoting.Domain", "OnlineVoting.Domain\OnlineVoting.Domain.csproj", "{1BA0FD51-7AB7-4B27-8C7D-85AA1DEFD2F5}"
EndProject
Project("{FAE04EC0-301F-11D3-BF4B-00C04F79EFBC}") = "OnlineVoting.Application", "OnlineVoting.Application\OnlineVoting.Application.csproj", "{D64F5684-8BAA-4428-9F1F-A9640D2D2E95}"
EndProject
Project("{FAE04EC0-301F-11D3-BF4B-00C04F79EFBC}") = "OnlineVoting.Infrastructure", "OnlineVoting.Infrastructure\OnlineVoting.Infrastructure.csproj", "{186D622B-6616-4A3F-8CE2-9B426E4689AE}"
EndProject
Global
	GlobalSection(SolutionConfigurationPlatforms) = preSolution
		Debug|Any CPU = Debug|Any CPU
		Release|Any CPU = Release|Any CPU
	EndGlobalSection
	GlobalSection(ProjectConfigurationPlatforms) = postSolution
		{2613D235-669C-4135-9F8A-76A5A873F4C5}.Debug|Any CPU.ActiveCfg = Debug|Any CPU
		{2613D235-669C-4135-9F8A-76A5A873F4C5}.Debug|Any CPU.Build.0 = Debug|Any CPU
		{2613D235-669C-4135-9F8A-76A5A873F4C5}.Release|Any CPU.ActiveCfg = Release|Any CPU
		{2613D235-669C-4135-9F8A-76A5A873F4C5}.Release|Any CPU.Build.0 = Release|Any CPU
		{1BA0FD51-7AB7-4B27-8C7D-85AA1DEFD2F5}.Debug|Any CPU.ActiveCfg = Debug|Any CPU
		{1BA0FD51-7AB7-4B27-8C7D-85AA1DEFD2F5}.Debug|Any CPU.Build.0 = Debug|Any CPU
		{1BA0FD51-7AB7-4B27-8C7D-85AA1DEFD2F5}.Release|Any CPU.ActiveCfg = Release|Any CPU
		{1BA0FD51-7AB7-4B27-8C7D-85AA1DEFD2F5}.Release|Any CPU.Build.0 = Release|Any CPU
		{D64F5684-8BAA-4428-9F1F-A9640D2D2E95}.Debug|Any CPU.ActiveCfg = Debug|Any CPU
		{D64F5684-8BAA-4428-9F1F-A9640D2D2E95}.Debug|Any CPU.Build.0 = Debug|Any CPU
		{D64F5684-8BAA-4428-9F1F-A9640D2D2E95}.Release|Any CPU.ActiveCfg = Release|Any CPU
		{D64F5684-8BAA-4428-9F1F-A9640D2D2E95}.Release|Any CPU.Build.0 = Release|Any CPU
		{186D622B-6616-4A3F-8CE2-9B426E4689AE}.Debug|Any CPU.ActiveCfg = Debug|Any CPU
		{186D622B-6616-4A3F-8CE2-9B426E4689AE}.Debug|Any CPU.Build.0 = Debug|Any CPU
		{186D622B-6616-4A3F-8CE2-9B426E4689AE}.Release|Any CPU.ActiveCfg = Release|Any CPU
		{186D622B-6616-4A3F-8CE2-9B426E4689AE}.Release|Any CPU.Build.0 = Release|Any CPU
	EndGlobalSection
	GlobalSection(SolutionProperties) = preSolution
		HideSolutionNode = FALSE
	EndGlobalSection
	GlobalSection(ExtensibilityGlobals) = postSolution
		SolutionGuid = {CD398C1E-0616-4F5F-8BDE-D9C7A41E3EA4}
	EndGlobalSection
EndGlobal
